# Timestamp: 2025-04-13T22:49:56Z
pipx: "1.7.1"
ansible-core: |
  ansible-playbook [core 2.18.4]
    config file = None
    configured module search path = ['/home/dev/.ansible/plugins/modules', '/usr/share/ansible/plugins/modules']
    ansible python module location = /home/dev/.local/share/pipx/venvs/ansible-core/lib/python3.11/site-packages/ansible
    ansible collection location = /home/dev/.ansible/collections:/usr/share/ansible/collections
    executable location = /home/dev/.local/bin/ansible-playbook
    python version = 3.11.12 (main, Apr  9 2025, 04:04:00) [Clang 20.1.0 ] (/home/dev/.local/share/pipx/venvs/ansible-core/bin/python)
    jinja version = 3.1.6
    libyaml = True
